// !$*UTF8*$!
{
	archiveVersion = 1;
	classes = {
	};
	objectVersion = 46;
	objects = {

/* Begin PBXBuildFile section */
		36D9C2561BB1C1D60029F1FD /* main.m in Sources */ = {isa = PBXBuildFile; fileRef = 36D9C2551BB1C1D60029F1FD /* main.m */; };
		36D9C2591BB1C1D60029F1FD /* AppDelegate.m in Sources */ = {isa = PBXBuildFile; fileRef = 36D9C2581BB1C1D60029F1FD /* AppDelegate.m */; };
		36D9C25C1BB1C1D60029F1FD /* ViewController.m in Sources */ = {isa = PBXBuildFile; fileRef = 36D9C25B1BB1C1D60029F1FD /* ViewController.m */; };
		36D9C25F1BB1C1D60029F1FD /* Main.storyboard in Resources */ = {isa = PBXBuildFile; fileRef = 36D9C25D1BB1C1D60029F1FD /* Main.storyboard */; };
		36D9C2611BB1C1D60029F1FD /* Images.xcassets in Resources */ = {isa = PBXBuildFile; fileRef = 36D9C2601BB1C1D60029F1FD /* Images.xcassets */; };
		36D9C2641BB1C1D60029F1FD /* LaunchScreen.xib in Resources */ = {isa = PBXBuildFile; fileRef = 36D9C2621BB1C1D60029F1FD /* LaunchScreen.xib */; };
		36D9C27B1BB1C44D0029F1FD /* CircularPickerView.m in Sources */ = {isa = PBXBuildFile; fileRef = 36D9C27A1BB1C44D0029F1FD /* CircularPickerView.m */; };
/* End PBXBuildFile section */

/* Begin PBXFileReference section */
		36D9C2501BB1C1D60029F1FD /* CirclePicker.app */ = {isa = PBXFileReference; explicitFileType = wrapper.application; includeInIndex = 0; path = CirclePicker.app; sourceTree = BUILT_PRODUCTS_DIR; };
		36D9C2541BB1C1D60029F1FD /* Info.plist */ = {isa = PBXFileReference; lastKnownFileType = text.plist.xml; path = Info.plist; sourceTree = "<group>"; };
		36D9C2551BB1C1D60029F1FD /* main.m */ = {isa = PBXFileReference; lastKnownFileType = sourcecode.c.objc; path = main.m; sourceTree = "<group>"; };
		36D9C2571BB1C1D60029F1FD /* AppDelegate.h */ = {isa = PBXFileReference; lastKnownFileType = sourcecode.c.h; path = AppDelegate.h; sourceTree = "<group>"; };
		36D9C2581BB1C1D60029F1FD /* AppDelegate.m */ = {isa = PBXFileReference; lastKnownFileType = sourcecode.c.objc; path = AppDelegate.m; sourceTree = "<group>"; };
		36D9C25A1BB1C1D60029F1FD /* ViewController.h */ = {isa = PBXFileReference; lastKnownFileType = sourcecode.c.h; path = ViewController.h; sourceTree = "<group>"; };
		36D9C25B1BB1C1D60029F1FD /* ViewController.m */ = {isa = PBXFileReference; lastKnownFileType = sourcecode.c.objc; path = ViewController.m; sourceTree = "<group>"; };
		36D9C25E1BB1C1D60029F1FD /* Base */ = {isa = PBXFileReference; lastKnownFileType = file.storyboard; name = Base; path = Base.lproj/Main.storyboard; sourceTree = "<group>"; };
		36D9C2601BB1C1D60029F1FD /* Images.xcassets */ = {isa = PBXFileReference; lastKnownFileType = folder.assetcatalog; path = Images.xcassets; sourceTree = "<group>"; };
		36D9C2631BB1C1D60029F1FD /* Base */ = {isa = PBXFileReference; lastKnownFileType = file.xib; name = Base; path = Base.lproj/LaunchScreen.xib; sourceTree = "<group>"; };
		36D9C2791BB1C44D0029F1FD /* CircularPickerView.h */ = {isa = PBXFileReference; fileEncoding = 4; lastKnownFileType = sourcecode.c.h; path = CircularPickerView.h; sourceTree = "<group>"; };
		36D9C27A1BB1C44D0029F1FD /* CircularPickerView.m */ = {isa = PBXFileReference; fileEncoding = 4; lastKnownFileType = sourcecode.c.objc; path = CircularPickerView.m; sourceTree = "<group>"; };
/* End PBXFileReference section */

/* Begin PBXFrameworksBuildPhase section */
		36D9C24D1BB1C1D60029F1FD /* Frameworks */ = {
			isa = PBXFrameworksBuildPhase;
			buildActionMask = 2147483647;
			files = (
			);
			runOnlyForDeploymentPostprocessing = 0;
		};
/* End PBXFrameworksBuildPhase section */

/* Begin PBXGroup section */
		36D9C2471BB1C1D60029F1FD = {
			isa = PBXGroup;
			children = (
				36D9C2521BB1C1D60029F1FD /* CirclePicker */,
				36D9C2511BB1C1D60029F1FD /* Products */,
			);
			sourceTree = "<group>";
		};
		36D9C2511BB1C1D60029F1FD /* Products */ = {
			isa = PBXGroup;
			children = (
				36D9C2501BB1C1D60029F1FD /* CirclePicker.app */,
			);
			name = Products;
			sourceTree = "<group>";
		};
		36D9C2521BB1C1D60029F1FD /* CirclePicker */ = {
			isa = PBXGroup;
			children = (
				36D9C2791BB1C44D0029F1FD /* CircularPickerView.h */,
				36D9C27A1BB1C44D0029F1FD /* CircularPickerView.m */,
				36D9C2571BB1C1D60029F1FD /* AppDelegate.h */,
				36D9C2581BB1C1D60029F1FD /* AppDelegate.m */,
				36D9C25A1BB1C1D60029F1FD /* ViewController.h */,
				36D9C25B1BB1C1D60029F1FD /* ViewController.m */,
				36D9C25D1BB1C1D60029F1FD /* Main.storyboard */,
				36D9C2601BB1C1D60029F1FD /* Images.xcassets */,
				36D9C2621BB1C1D60029F1FD /* LaunchScreen.xib */,
				36D9C2531BB1C1D60029F1FD /* Supporting Files */,
			);
			path = CirclePicker;
			sourceTree = "<group>";
		};
		36D9C2531BB1C1D60029F1FD /* Supporting Files */ = {
			isa = PBXGroup;
			children = (
				36D9C2541BB1C1D60029F1FD /* Info.plist */,
				36D9C2551BB1C1D60029F1FD /* main.m */,
			);
			name = "Supporting Files";
			sourceTree = "<group>";
		};
/* End PBXGroup section */

/* Begin PBXNativeTarget section */
		36D9C24F1BB1C1D60029F1FD /* CirclePicker */ = {
			isa = PBXNativeTarget;
			buildConfigurationList = 36D9C2731BB1C1D60029F1FD /* Build configuration list for PBXNativeTarget "CirclePicker" */;
			buildPhases = (
				36D9C24C1BB1C1D60029F1FD /* Sources */,
				36D9C24D1BB1C1D60029F1FD /* Frameworks */,
				36D9C24E1BB1C1D60029F1FD /* Resources */,
			);
			buildRules = (
			);
			dependencies = (
			);
			name = CirclePicker;
			productName = CirclePicker;
			productReference = 36D9C2501BB1C1D60029F1FD /* CirclePicker.app */;
			productType = "com.apple.product-type.application";
		};
/* End PBXNativeTarget section */

/* Begin PBXProject section */
		36D9C2481BB1C1D60029F1FD /* Project object */ = {
			isa = PBXProject;
			attributes = {
				LastUpgradeCheck = 0640;
				ORGANIZATIONNAME = Appus;
				TargetAttributes = {
					36D9C24F1BB1C1D60029F1FD = {
						CreatedOnToolsVersion = 6.4;
					};
				};
			};
			buildConfigurationList = 36D9C24B1BB1C1D60029F1FD /* Build configuration list for PBXProject "CirclePicker" */;
			compatibilityVersion = "Xcode 3.2";
			developmentRegion = English;
			hasScannedForEncodings = 0;
			knownRegions = (
				en,
				Base,
			);
			mainGroup = 36D9C2471BB1C1D60029F1FD;
			productRefGroup = 36D9C2511BB1C1D60029F1FD /* Products */;
			projectDirPath = "";
			projectRoot = "";
			targets = (
				36D9C24F1BB1C1D60029F1FD /* CirclePicker */,
			);
		};
/* End PBXProject section */

/* Begin PBXResourcesBuildPhase section */
		36D9C24E1BB1C1D60029F1FD /* Resources */ = {
			isa = PBXResourcesBuildPhase;
			buildActionMask = 2147483647;
			files = (
				36D9C25F1BB1C1D60029F1FD /* Main.storyboard in Resources */,
				36D9C2641BB1C1D60029F1FD /* LaunchScreen.xib in Resources */,
				36D9C2611BB1C1D60029F1FD /* Images.xcassets in Resources */,
			);
			runOnlyForDeploymentPostprocessing = 0;
		};
/* End PBXResourcesBuildPhase section */

/* Begin PBXSourcesBuildPhase section */
		36D9C24C1BB1C1D60029F1FD /* Sources */ = {
			isa = PBXSourcesBuildPhase;
			buildActionMask = 2147483647;
			files = (
				36D9C25C1BB1C1D60029F1FD /* ViewController.m in Sources */,
				36D9C27B1BB1C44D0029F1FD /* CircularPickerView.m in Sources */,
				36D9C2591BB1C1D60029F1FD /* AppDelegate.m in Sources */,
				36D9C2561BB1C1D60029F1FD /* main.m in Sources */,
			);
			runOnlyForDeploymentPostprocessing = 0;
		};
/* End PBXSourcesBuildPhase section */

/* Begin PBXVariantGroup section */
		36D9C25D1BB1C1D60029F1FD /* Main.storyboard */ = {
			isa = PBXVariantGroup;
			children = (
				36D9C25E1BB1C1D60029F1FD /* Base */,
			);
			name = Main.storyboard;
			sourceTree = "<group>";
		};
		36D9C2621BB1C1D60029F1FD /* LaunchScreen.xib */ = {
			isa = PBXVariantGroup;
			children = (
				36D9C2631BB1C1D60029F1FD /* Base */,
			);
			name = LaunchScreen.xib;
			sourceTree = "<group>";
		};
/* End PBXVariantGroup section */

/* Begin XCBuildConfiguration section */
		36D9C2711BB1C1D60029F1FD /* Debug */ = {
			isa = XCBuildConfiguration;
			buildSettings = {
				ALWAYS_SEARCH_USER_PATHS = NO;
				CLANG_CXX_LANGUAGE_STANDARD = "gnu++0x";
				CLANG_CXX_LIBRARY = "libc++";
				CLANG_ENABLE_MODULES = YES;
				CLANG_ENABLE_OBJC_ARC = YES;
				CLANG_WARN_BOOL_CONVERSION = YES;
				CLANG_WARN_CONSTANT_CONVERSION = YES;
				CLANG_WARN_DIRECT_OBJC_ISA_USAGE = YES_ERROR;
				CLANG_WARN_EMPTY_BODY = YES;
				CLANG_WARN_ENUM_CONVERSION = YES;
				CLANG_WARN_INT_CONVERSION = YES;
				CLANG_WARN_OBJC_ROOT_CLASS = YES_ERROR;
				CLANG_WARN_UNREACHABLE_CODE = YES;
				CLANG_WARN__DUPLICATE_METHOD_MATCH = YES;
				"CODE_SIGN_IDENTITY[sdk=iphoneos*]" = "iPhone Developer";
				COPY_PHASE_STRIP = NO;
				DEBUG_INFORMATION_FORMAT = "dwarf-with-dsym";
				ENABLE_STRICT_OBJC_MSGSEND = YES;
				GCC_C_LANGUAGE_STANDARD = gnu99;
				GCC_DYNAMIC_NO_PIC = NO;
				GCC_NO_COMMON_BLOCKS = YES;
				GCC_OPTIMIZATION_LEVEL = 0;
				GCC_PREPROCESSOR_DEFINITIONS = (
					"DEBUG=1",
					"$(inherited)",
				);
				GCC_SYMBOLS_PRIVATE_EXTERN = NO;
				GCC_WARN_64_TO_32_BIT_CONVERSION = YES;
				GCC_WARN_ABOUT_RETURN_TYPE = YES_ERROR;
				GCC_WARN_UNDECLARED_SELECTOR = YES;
				GCC_WARN_UNINITIALIZED_AUTOS = YES_AGGRESSIVE;
				GCC_WARN_UNUSED_FUNCTION = YES;
				GCC_WARN_UNUSED_VARIABLE = YES;
				IPHONEOS_DEPLOYMENT_TARGET = 8.4;
				MTL_ENABLE_DEBUG_INFO = YES;
				ONLY_ACTIVE_ARCH = YES;
				SDKROOT = iphoneos;
			};
			name = Debug;
		};
		36D9C2721BB1C1D60029F1FD /* Release */ = {
			isa = XCBuildConfiguration;
			buildSettings = {
				ALWAYS_SEARCH_USER_PATHS = NO;
				CLANG_CXX_LANGUAGE_STANDARD = "gnu++0x";
				CLANG_CXX_LIBRARY = "libc++";
				CLANG_ENABLE_MODULES = YES;
				CLANG_ENABLE_OBJC_ARC = YES;
				CLANG_WARN_BOOL_CONVERSION = YES;
				CLANG_WARN_CONSTANT_CONVERSION = YES;
				CLANG_WARN_DIRECT_OBJC_ISA_USAGE = YES_ERROR;
				CLANG_WARN_EMPTY_BODY = YES;
				CLANG_WARN_ENUM_CONVERSION = YES;
				CLANG_WARN_INT_CONVERSION = YES;
				CLANG_WARN_OBJC_ROOT_CLASS = YES_ERROR;
				CLANG_WARN_UNREACHABLE_CODE = YES;
				CLANG_WARN__DUPLICATE_METHOD_MATCH = YES;
				"CODE_SIGN_IDENTITY[sdk=iphoneos*]" = "iPhone Developer";
				COPY_PHASE_STRIP = NO;
				DEBUG_INFORMATION_FORMAT = "dwarf-with-dsym";
				ENABLE_NS_ASSERTIONS = NO;
				ENABLE_STRICT_OBJC_MSGSEND = YES;
				GCC_C_LANGUAGE_STANDARD = gnu99;
				GCC_NO_COMMON_BLOCKS = YES;
				GCC_WARN_64_TO_32_BIT_CONVERSION = YES;
				GCC_WARN_ABOUT_RETURN_TYPE = YES_ERROR;
				GCC_WARN_UNDECLARED_SELECTOR = YES;
				GCC_WARN_UNINITIALIZED_AUTOS = YES_AGGRESSIVE;
				GCC_WARN_UNUSED_FUNCTION = YES;
				GCC_WARN_UNUSED_VARIABLE = YES;
				IPHONEOS_DEPLOYMENT_TARGET = 8.4;
				MTL_ENABLE_DEBUG_INFO = NO;
				SDKROOT = iphoneos;
				VALIDATE_PRODUCT = YES;
			};
			name = Release;
		};
		36D9C2741BB1C1D60029F1FD /* Debug */ = {
			isa = XCBuildConfiguration;
			buildSettings = {
				ASSETCATALOG_COMPILER_APPICON_NAME = AppIcon;
				INFOPLIST_FILE = CirclePicker/Info.plist;
				IPHONEOS_DEPLOYMENT_TARGET = 7.0;
				LD_RUNPATH_SEARCH_PATHS = "$(inherited) @executable_path/Frameworks";
				LIBRARY_SEARCH_PATHS = (
					"$(inherited)",
					"$(PROJECT_DIR)/CirclePicker/Google/Libraries",
					"$(PROJECT_DIR)/CirclePicker/GoogleAnalytics/Libraries",
					"$(PROJECT_DIR)/CirclePicker/GoogleInterchangeUtilities/Libraries",
					"$(PROJECT_DIR)/CirclePicker/GoogleNetworkingUtilities/Libraries",
					"$(PROJECT_DIR)/CirclePicker/GoogleSymbolUtilities/Libraries",
					"$(PROJECT_DIR)/CirclePicker/GoogleUtilities/Libraries",
				);
				PRODUCT_NAME = "$(TARGET_NAME)";
			};
			name = Debug;
		};
		36D9C2751BB1C1D60029F1FD /* Release */ = {
			isa = XCBuildConfiguration;
			buildSettings = {
				ASSETCATALOG_COMPILER_APPICON_NAME = AppIcon;
				INFOPLIST_FILE = CirclePicker/Info.plist;
				IPHONEOS_DEPLOYMENT_TARGET = 7.0;
				LD_RUNPATH_SEARCH_PATHS = "$(inherited) @executable_path/Frameworks";
				LIBRARY_SEARCH_PATHS = (
					"$(inherited)",
					"$(PROJECT_DIR)/CirclePicker/Google/Libraries",
					"$(PROJECT_DIR)/CirclePicker/GoogleAnalytics/Libraries",
					"$(PROJECT_DIR)/CirclePicker/GoogleInterchangeUtilities/Libraries",
					"$(PROJECT_DIR)/CirclePicker/GoogleNetworkingUtilities/Libraries",
					"$(PROJECT_DIR)/CirclePicker/GoogleSymbolUtilities/Libraries",
					"$(PROJECT_DIR)/CirclePicker/GoogleUtilities/Libraries",
				);
				PRODUCT_NAME = "$(TARGET_NAME)";
			};
			name = Release;
		};
/* End XCBuildConfiguration section */

/* Begin XCConfigurationList section */
		36D9C24B1BB1C1D60029F1FD /* Build configuration list for PBXProject "CirclePicker" */ = {
			isa = XCConfigurationList;
			buildConfigurations = (
				36D9C2711BB1C1D60029F1FD /* Debug */,
				36D9C2721BB1C1D60029F1FD /* Release */,
			);
			defaultConfigurationIsVisible = 0;
			defaultConfigurationName = Release;
		};
		36D9C2731BB1C1D60029F1FD /* Build configuration list for PBXNativeTarget "CirclePicker" */ = {
			isa = XCConfigurationList;
			buildConfigurations = (
				36D9C2741BB1C1D60029F1FD /* Debug */,
				36D9C2751BB1C1D60029F1FD /* Release */,
			);
			defaultConfigurationIsVisible = 0;
			defaultConfigurationName = Release;
		};
/* End XCConfigurationList section */
	};
	rootObject = 36D9C2481BB1C1D60029F1FD /* Project object */;
}
